// !$*UTF8*$!
{
	archiveVersion = 1;
	classes = {
	};
	objectVersion = 46;
	objects = {

/* Begin PBXBuildFile section */
		44494368E14A5ED104970A97 /* Pods_PlayChat.framework in Frameworks */ = {isa = PBXBuildFile; fileRef = 786A8A41C5A313B75D667FFA /* Pods_PlayChat.framework */; };
		7E32F0B81D3F208B00B02F5B /* Message.swift in Sources */ = {isa = PBXBuildFile; fileRef = 7E32F0B71D3F208B00B02F5B /* Message.swift */; };
		7E5463E11D2667F000416C84 /* GoogleService-Info.plist in Resources */ = {isa = PBXBuildFile; fileRef = 7E5463E01D2667F000416C84 /* GoogleService-Info.plist */; };
		7EB2DB131D26400B00C7E163 /* AppDelegate.swift in Sources */ = {isa = PBXBuildFile; fileRef = 7EB2DB121D26400B00C7E163 /* AppDelegate.swift */; };
		7EB2DB1A1D26400B00C7E163 /* Main.storyboard in Resources */ = {isa = PBXBuildFile; fileRef = 7EB2DB181D26400B00C7E163 /* Main.storyboard */; };
		7EB2DB1C1D26400B00C7E163 /* Assets.xcassets in Resources */ = {isa = PBXBuildFile; fileRef = 7EB2DB1B1D26400B00C7E163 /* Assets.xcassets */; };
		7EB2DB1F1D26400B00C7E163 /* LaunchScreen.storyboard in Resources */ = {isa = PBXBuildFile; fileRef = 7EB2DB1D1D26400B00C7E163 /* LaunchScreen.storyboard */; };
		7EB2DB2A1D26400B00C7E163 /* PlayChatUITests.swift in Sources */ = {isa = PBXBuildFile; fileRef = 7EB2DB291D26400B00C7E163 /* PlayChatUITests.swift */; };
		7EBDB0A91D48A4340043FC1E /* FirebaseLogger.swift in Sources */ = {isa = PBXBuildFile; fileRef = 7EBDB0A81D48A4340043FC1E /* FirebaseLogger.swift */; };
		7EBDB0AB1D49C4620043FC1E /* LogEntry.swift in Sources */ = {isa = PBXBuildFile; fileRef = 7EBDB0AA1D49C4620043FC1E /* LogEntry.swift */; };
		7EFC4AFC1D2A40350006F238 /* SigninViewController.swift in Sources */ = {isa = PBXBuildFile; fileRef = 7EFC4AFB1D2A40350006F238 /* SigninViewController.swift */; };
		7EFC4AFE1D2FB2810006F238 /* MessageCell.swift in Sources */ = {isa = PBXBuildFile; fileRef = 7EFC4AFD1D2FB2810006F238 /* MessageCell.swift */; };
		C7F8F2C5044BD708303239AC /* Pods_PlayChatUITests.framework in Frameworks */ = {isa = PBXBuildFile; fileRef = AFB66A41BD4AA46F8205AAEE /* Pods_PlayChatUITests.framework */; };
/* End PBXBuildFile section */

/* Begin PBXContainerItemProxy section */
		7EB2DB261D26400B00C7E163 /* PBXContainerItemProxy */ = {
			isa = PBXContainerItemProxy;
			containerPortal = 7EB2DB071D26400B00C7E163 /* Project object */;
			proxyType = 1;
			remoteGlobalIDString = 7EB2DB0E1D26400B00C7E163;
			remoteInfo = PlayChat;
		};
/* End PBXContainerItemProxy section */

/* Begin PBXFileReference section */
		786A8A41C5A313B75D667FFA /* Pods_PlayChat.framework */ = {isa = PBXFileReference; explicitFileType = wrapper.framework; includeInIndex = 0; path = Pods_PlayChat.framework; sourceTree = BUILT_PRODUCTS_DIR; };
		7E32F0B71D3F208B00B02F5B /* Message.swift */ = {isa = PBXFileReference; fileEncoding = 4; lastKnownFileType = sourcecode.swift; path = Message.swift; sourceTree = "<group>"; };
		7E5463E01D2667F000416C84 /* GoogleService-Info.plist */ = {isa = PBXFileReference; fileEncoding = 4; lastKnownFileType = text.plist.xml; path = "GoogleService-Info.plist"; sourceTree = "<group>"; };
		7E5463EE1D2678EB00416C84 /* PlayChat-Bridging-Header.h */ = {isa = PBXFileReference; fileEncoding = 4; lastKnownFileType = sourcecode.c.h; path = "PlayChat-Bridging-Header.h"; sourceTree = "<group>"; };
		7EB2DB0F1D26400B00C7E163 /* PlayChat.app */ = {isa = PBXFileReference; explicitFileType = wrapper.application; includeInIndex = 0; path = PlayChat.app; sourceTree = BUILT_PRODUCTS_DIR; };
		7EB2DB121D26400B00C7E163 /* AppDelegate.swift */ = {isa = PBXFileReference; lastKnownFileType = sourcecode.swift; path = AppDelegate.swift; sourceTree = "<group>"; };
		7EB2DB191D26400B00C7E163 /* Base */ = {isa = PBXFileReference; lastKnownFileType = file.storyboard; name = Base; path = Base.lproj/Main.storyboard; sourceTree = "<group>"; };
		7EB2DB1B1D26400B00C7E163 /* Assets.xcassets */ = {isa = PBXFileReference; lastKnownFileType = folder.assetcatalog; path = Assets.xcassets; sourceTree = "<group>"; };
		7EB2DB1E1D26400B00C7E163 /* Base */ = {isa = PBXFileReference; lastKnownFileType = file.storyboard; name = Base; path = Base.lproj/LaunchScreen.storyboard; sourceTree = "<group>"; };
		7EB2DB201D26400B00C7E163 /* Info.plist */ = {isa = PBXFileReference; lastKnownFileType = text.plist.xml; path = Info.plist; sourceTree = "<group>"; };
		7EB2DB251D26400B00C7E163 /* PlayChatUITests.xctest */ = {isa = PBXFileReference; explicitFileType = wrapper.cfbundle; includeInIndex = 0; path = PlayChatUITests.xctest; sourceTree = BUILT_PRODUCTS_DIR; };
		7EB2DB291D26400B00C7E163 /* PlayChatUITests.swift */ = {isa = PBXFileReference; lastKnownFileType = sourcecode.swift; path = PlayChatUITests.swift; sourceTree = "<group>"; };
		7EB2DB2B1D26400B00C7E163 /* Info.plist */ = {isa = PBXFileReference; lastKnownFileType = text.plist.xml; path = Info.plist; sourceTree = "<group>"; };
		7EBDB0A81D48A4340043FC1E /* FirebaseLogger.swift */ = {isa = PBXFileReference; fileEncoding = 4; lastKnownFileType = sourcecode.swift; path = FirebaseLogger.swift; sourceTree = "<group>"; };
		7EBDB0AA1D49C4620043FC1E /* LogEntry.swift */ = {isa = PBXFileReference; fileEncoding = 4; lastKnownFileType = sourcecode.swift; path = LogEntry.swift; sourceTree = "<group>"; };
		7EFC4AFB1D2A40350006F238 /* SigninViewController.swift */ = {isa = PBXFileReference; fileEncoding = 4; lastKnownFileType = sourcecode.swift; path = SigninViewController.swift; sourceTree = "<group>"; };
		7EFC4AFD1D2FB2810006F238 /* MessageCell.swift */ = {isa = PBXFileReference; fileEncoding = 4; lastKnownFileType = sourcecode.swift; path = MessageCell.swift; sourceTree = "<group>"; };
		94785E63D96203BCF0E19002 /* Pods-PlayChatUITests.release.xcconfig */ = {isa = PBXFileReference; includeInIndex = 1; lastKnownFileType = text.xcconfig; name = "Pods-PlayChatUITests.release.xcconfig"; path = "Pods/Target Support Files/Pods-PlayChatUITests/Pods-PlayChatUITests.release.xcconfig"; sourceTree = "<group>"; };
		AFB66A41BD4AA46F8205AAEE /* Pods_PlayChatUITests.framework */ = {isa = PBXFileReference; explicitFileType = wrapper.framework; includeInIndex = 0; path = Pods_PlayChatUITests.framework; sourceTree = BUILT_PRODUCTS_DIR; };
		D0E45ABDE5C9C22290489B05 /* Pods-PlayChatUITests.debug.xcconfig */ = {isa = PBXFileReference; includeInIndex = 1; lastKnownFileType = text.xcconfig; name = "Pods-PlayChatUITests.debug.xcconfig"; path = "Pods/Target Support Files/Pods-PlayChatUITests/Pods-PlayChatUITests.debug.xcconfig"; sourceTree = "<group>"; };
		EFAFE5E8E2EBBC6C8CED2450 /* Pods-PlayChat.debug.xcconfig */ = {isa = PBXFileReference; includeInIndex = 1; lastKnownFileType = text.xcconfig; name = "Pods-PlayChat.debug.xcconfig"; path = "Pods/Target Support Files/Pods-PlayChat/Pods-PlayChat.debug.xcconfig"; sourceTree = "<group>"; };
		FF55650C35E52C94768E02B4 /* Pods-PlayChat.release.xcconfig */ = {isa = PBXFileReference; includeInIndex = 1; lastKnownFileType = text.xcconfig; name = "Pods-PlayChat.release.xcconfig"; path = "Pods/Target Support Files/Pods-PlayChat/Pods-PlayChat.release.xcconfig"; sourceTree = "<group>"; };
/* End PBXFileReference section */

/* Begin PBXFrameworksBuildPhase section */
		7EB2DB0C1D26400B00C7E163 /* Frameworks */ = {
			isa = PBXFrameworksBuildPhase;
			buildActionMask = 2147483647;
			files = (
				44494368E14A5ED104970A97 /* Pods_PlayChat.framework in Frameworks */,
			);
			runOnlyForDeploymentPostprocessing = 0;
		};
		7EB2DB221D26400B00C7E163 /* Frameworks */ = {
			isa = PBXFrameworksBuildPhase;
			buildActionMask = 2147483647;
			files = (
				C7F8F2C5044BD708303239AC /* Pods_PlayChatUITests.framework in Frameworks */,
			);
			runOnlyForDeploymentPostprocessing = 0;
		};
/* End PBXFrameworksBuildPhase section */

/* Begin PBXGroup section */
		346058EE0E17B428DF787B31 /* Pods */ = {
			isa = PBXGroup;
			children = (
				EFAFE5E8E2EBBC6C8CED2450 /* Pods-PlayChat.debug.xcconfig */,
				FF55650C35E52C94768E02B4 /* Pods-PlayChat.release.xcconfig */,
				D0E45ABDE5C9C22290489B05 /* Pods-PlayChatUITests.debug.xcconfig */,
				94785E63D96203BCF0E19002 /* Pods-PlayChatUITests.release.xcconfig */,
			);
			name = Pods;
			sourceTree = "<group>";
		};
		7EB2DB061D26400B00C7E163 = {
			isa = PBXGroup;
			children = (
				7EB2DB111D26400B00C7E163 /* PlayChat */,
				7EB2DB281D26400B00C7E163 /* PlayChatUITests */,
				7EB2DB101D26400B00C7E163 /* Products */,
				346058EE0E17B428DF787B31 /* Pods */,
				81389A3EF4D7DA68487B998E /* Frameworks */,
			);
			sourceTree = "<group>";
		};
		7EB2DB101D26400B00C7E163 /* Products */ = {
			isa = PBXGroup;
			children = (
				7EB2DB0F1D26400B00C7E163 /* PlayChat.app */,
				7EB2DB251D26400B00C7E163 /* PlayChatUITests.xctest */,
			);
			name = Products;
			sourceTree = "<group>";
		};
		7EB2DB111D26400B00C7E163 /* PlayChat */ = {
			isa = PBXGroup;
			children = (
				7E5463E01D2667F000416C84 /* GoogleService-Info.plist */,
				7EB2DB121D26400B00C7E163 /* AppDelegate.swift */,
				7EB2DB181D26400B00C7E163 /* Main.storyboard */,
				7EB2DB1B1D26400B00C7E163 /* Assets.xcassets */,
				7EB2DB1D1D26400B00C7E163 /* LaunchScreen.storyboard */,
				7EB2DB201D26400B00C7E163 /* Info.plist */,
				7E5463EE1D2678EB00416C84 /* PlayChat-Bridging-Header.h */,
				7EFC4AFB1D2A40350006F238 /* SigninViewController.swift */,
				7EFC4AFD1D2FB2810006F238 /* MessageCell.swift */,
				7E32F0B71D3F208B00B02F5B /* Message.swift */,
				7EBDB0A81D48A4340043FC1E /* FirebaseLogger.swift */,
				7EBDB0AA1D49C4620043FC1E /* LogEntry.swift */,
			);
			path = PlayChat;
			sourceTree = "<group>";
		};
		7EB2DB281D26400B00C7E163 /* PlayChatUITests */ = {
			isa = PBXGroup;
			children = (
				7EB2DB291D26400B00C7E163 /* PlayChatUITests.swift */,
				7EB2DB2B1D26400B00C7E163 /* Info.plist */,
			);
			path = PlayChatUITests;
			sourceTree = "<group>";
		};
		81389A3EF4D7DA68487B998E /* Frameworks */ = {
			isa = PBXGroup;
			children = (
				786A8A41C5A313B75D667FFA /* Pods_PlayChat.framework */,
				AFB66A41BD4AA46F8205AAEE /* Pods_PlayChatUITests.framework */,
			);
			name = Frameworks;
			sourceTree = "<group>";
		};
/* End PBXGroup section */

/* Begin PBXNativeTarget section */
		7EB2DB0E1D26400B00C7E163 /* PlayChat */ = {
			isa = PBXNativeTarget;
			buildConfigurationList = 7EB2DB2E1D26400B00C7E163 /* Build configuration list for PBXNativeTarget "PlayChat" */;
			buildPhases = (
				EB0E861B66A05E5EB499DA91 /* [CP] Check Pods Manifest.lock */,
				7EB2DB0B1D26400B00C7E163 /* Sources */,
				7EB2DB0C1D26400B00C7E163 /* Frameworks */,
				7EB2DB0D1D26400B00C7E163 /* Resources */,
				9FB551D60FE47F8D6AD32AA6 /* [CP] Embed Pods Frameworks */,
				3778ECEE87891F81C393F425 /* [CP] Copy Pods Resources */,
			);
			buildRules = (
			);
			dependencies = (
			);
			name = PlayChat;
			productName = PlayChat;
			productReference = 7EB2DB0F1D26400B00C7E163 /* PlayChat.app */;
			productType = "com.apple.product-type.application";
		};
		7EB2DB241D26400B00C7E163 /* PlayChatUITests */ = {
			isa = PBXNativeTarget;
			buildConfigurationList = 7EB2DB311D26400B00C7E163 /* Build configuration list for PBXNativeTarget "PlayChatUITests" */;
			buildPhases = (
				EF672C1F2A77154A60D4299B /* [CP] Check Pods Manifest.lock */,
				7EB2DB211D26400B00C7E163 /* Sources */,
				7EB2DB221D26400B00C7E163 /* Frameworks */,
				7EB2DB231D26400B00C7E163 /* Resources */,
				E621274FB18583B660E61FFB /* [CP] Copy Pods Resources */,
			);
			buildRules = (
			);
			dependencies = (
				7EB2DB271D26400B00C7E163 /* PBXTargetDependency */,
			);
			name = PlayChatUITests;
			productName = PlayChatUITests;
			productReference = 7EB2DB251D26400B00C7E163 /* PlayChatUITests.xctest */;
			productType = "com.apple.product-type.bundle.ui-testing";
		};
/* End PBXNativeTarget section */

/* Begin PBXProject section */
		7EB2DB071D26400B00C7E163 /* Project object */ = {
			isa = PBXProject;
			attributes = {
				LastSwiftUpdateCheck = 0720;
				LastUpgradeCheck = 0720;
				ORGANIZATIONNAME = teppeiy;
				TargetAttributes = {
					7EB2DB0E1D26400B00C7E163 = {
						CreatedOnToolsVersion = 7.2;
						DevelopmentTeam = 43N4K8X58E;
					};
					7EB2DB241D26400B00C7E163 = {
						CreatedOnToolsVersion = 7.2;
						DevelopmentTeam = 43N4K8X58E;
						TestTargetID = 7EB2DB0E1D26400B00C7E163;
					};
				};
			};
			buildConfigurationList = 7EB2DB0A1D26400B00C7E163 /* Build configuration list for PBXProject "PlayChat" */;
			compatibilityVersion = "Xcode 3.2";
			developmentRegion = English;
			hasScannedForEncodings = 0;
			knownRegions = (
				en,
				Base,
			);
			mainGroup = 7EB2DB061D26400B00C7E163;
			productRefGroup = 7EB2DB101D26400B00C7E163 /* Products */;
			projectDirPath = "";
			projectRoot = "";
			targets = (
				7EB2DB0E1D26400B00C7E163 /* PlayChat */,
				7EB2DB241D26400B00C7E163 /* PlayChatUITests */,
			);
		};
/* End PBXProject section */

/* Begin PBXResourcesBuildPhase section */
		7EB2DB0D1D26400B00C7E163 /* Resources */ = {
			isa = PBXResourcesBuildPhase;
			buildActionMask = 2147483647;
			files = (
				7EB2DB1F1D26400B00C7E163 /* LaunchScreen.storyboard in Resources */,
				7E5463E11D2667F000416C84 /* GoogleService-Info.plist in Resources */,
				7EB2DB1C1D26400B00C7E163 /* Assets.xcassets in Resources */,
				7EB2DB1A1D26400B00C7E163 /* Main.storyboard in Resources */,
			);
			runOnlyForDeploymentPostprocessing = 0;
		};
		7EB2DB231D26400B00C7E163 /* Resources */ = {
			isa = PBXResourcesBuildPhase;
			buildActionMask = 2147483647;
			files = (
			);
			runOnlyForDeploymentPostprocessing = 0;
		};
/* End PBXResourcesBuildPhase section */

/* Begin PBXShellScriptBuildPhase section */
		3778ECEE87891F81C393F425 /* [CP] Copy Pods Resources */ = {
			isa = PBXShellScriptBuildPhase;
			buildActionMask = 2147483647;
			files = (
			);
			inputPaths = (
			);
			name = "[CP] Copy Pods Resources";
			outputPaths = (
			);
			runOnlyForDeploymentPostprocessing = 0;
			shellPath = /bin/sh;
			shellScript = "\"${SRCROOT}/Pods/Target Support Files/Pods-PlayChat/Pods-PlayChat-resources.sh\"\n";
			showEnvVarsInLog = 0;
		};
		9FB551D60FE47F8D6AD32AA6 /* [CP] Embed Pods Frameworks */ = {
			isa = PBXShellScriptBuildPhase;
			buildActionMask = 2147483647;
			files = (
			);
			inputPaths = (
			);
			name = "[CP] Embed Pods Frameworks";
			outputPaths = (
			);
			runOnlyForDeploymentPostprocessing = 0;
			shellPath = /bin/sh;
			shellScript = "\"${SRCROOT}/Pods/Target Support Files/Pods-PlayChat/Pods-PlayChat-frameworks.sh\"\n";
			showEnvVarsInLog = 0;
		};
		E621274FB18583B660E61FFB /* [CP] Copy Pods Resources */ = {
			isa = PBXShellScriptBuildPhase;
			buildActionMask = 2147483647;
			files = (
			);
			inputPaths = (
			);
			name = "[CP] Copy Pods Resources";
			outputPaths = (
			);
			runOnlyForDeploymentPostprocessing = 0;
			shellPath = /bin/sh;
			shellScript = "\"${SRCROOT}/Pods/Target Support Files/Pods-PlayChatUITests/Pods-PlayChatUITests-resources.sh\"\n";
			showEnvVarsInLog = 0;
		};
		EB0E861B66A05E5EB499DA91 /* [CP] Check Pods Manifest.lock */ = {
			isa = PBXShellScriptBuildPhase;
			buildActionMask = 2147483647;
			files = (
			);
			inputPaths = (
			);
			name = "[CP] Check Pods Manifest.lock";
			outputPaths = (
			);
			runOnlyForDeploymentPostprocessing = 0;
			shellPath = /bin/sh;
			shellScript = "diff \"${PODS_ROOT}/../Podfile.lock\" \"${PODS_ROOT}/Manifest.lock\" > /dev/null\nif [[ $? != 0 ]] ; then\n    cat << EOM\nerror: The sandbox is not in sync with the Podfile.lock. Run 'pod install' or update your CocoaPods installation.\nEOM\n    exit 1\nfi\n";
			showEnvVarsInLog = 0;
		};
		EF672C1F2A77154A60D4299B /* [CP] Check Pods Manifest.lock */ = {
			isa = PBXShellScriptBuildPhase;
			buildActionMask = 2147483647;
			files = (
			);
			inputPaths = (
			);
			name = "[CP] Check Pods Manifest.lock";
			outputPaths = (
			);
			runOnlyForDeploymentPostprocessing = 0;
			shellPath = /bin/sh;
			shellScript = "diff \"${PODS_ROOT}/../Podfile.lock\" \"${PODS_ROOT}/Manifest.lock\" > /dev/null\nif [[ $? != 0 ]] ; then\n    cat << EOM\nerror: The sandbox is not in sync with the Podfile.lock. Run 'pod install' or update your CocoaPods installation.\nEOM\n    exit 1\nfi\n";
			showEnvVarsInLog = 0;
		};
/* End PBXShellScriptBuildPhase section */

/* Begin PBXSourcesBuildPhase section */
		7EB2DB0B1D26400B00C7E163 /* Sources */ = {
			isa = PBXSourcesBuildPhase;
			buildActionMask = 2147483647;
			files = (
				7EBDB0A91D48A4340043FC1E /* FirebaseLogger.swift in Sources */,
				7EFC4AFC1D2A40350006F238 /* SigninViewController.swift in Sources */,
				7E32F0B81D3F208B00B02F5B /* Message.swift in Sources */,
				7EFC4AFE1D2FB2810006F238 /* MessageCell.swift in Sources */,
				7EB2DB131D26400B00C7E163 /* AppDelegate.swift in Sources */,
				7EBDB0AB1D49C4620043FC1E /* LogEntry.swift in Sources */,
			);
			runOnlyForDeploymentPostprocessing = 0;
		};
		7EB2DB211D26400B00C7E163 /* Sources */ = {
			isa = PBXSourcesBuildPhase;
			buildActionMask = 2147483647;
			files = (
				7EB2DB2A1D26400B00C7E163 /* PlayChatUITests.swift in Sources */,
			);
			runOnlyForDeploymentPostprocessing = 0;
		};
/* End PBXSourcesBuildPhase section */

/* Begin PBXTargetDependency section */
		7EB2DB271D26400B00C7E163 /* PBXTargetDependency */ = {
			isa = PBXTargetDependency;
			target = 7EB2DB0E1D26400B00C7E163 /* PlayChat */;
			targetProxy = 7EB2DB261D26400B00C7E163 /* PBXContainerItemProxy */;
		};
/* End PBXTargetDependency section */

/* Begin PBXVariantGroup section */
		7EB2DB181D26400B00C7E163 /* Main.storyboard */ = {
			isa = PBXVariantGroup;
			children = (
				7EB2DB191D26400B00C7E163 /* Base */,
			);
			name = Main.storyboard;
			sourceTree = "<group>";
		};
		7EB2DB1D1D26400B00C7E163 /* LaunchScreen.storyboard */ = {
			isa = PBXVariantGroup;
			children = (
				7EB2DB1E1D26400B00C7E163 /* Base */,
			);
			name = LaunchScreen.storyboard;
			sourceTree = "<group>";
		};
/* End PBXVariantGroup section */

/* Begin XCBuildConfiguration section */
		7EB2DB2C1D26400B00C7E163 /* Debug */ = {
			isa = XCBuildConfiguration;
			buildSettings = {
				ALWAYS_SEARCH_USER_PATHS = NO;
				CLANG_CXX_LANGUAGE_STANDARD = "gnu++0x";
				CLANG_CXX_LIBRARY = "libc++";
				CLANG_ENABLE_MODULES = YES;
				CLANG_ENABLE_OBJC_ARC = YES;
				CLANG_WARN_BOOL_CONVERSION = YES;
				CLANG_WARN_CONSTANT_CONVERSION = YES;
				CLANG_WARN_DIRECT_OBJC_ISA_USAGE = YES_ERROR;
				CLANG_WARN_EMPTY_BODY = YES;
				CLANG_WARN_ENUM_CONVERSION = YES;
				CLANG_WARN_INT_CONVERSION = YES;
				CLANG_WARN_OBJC_ROOT_CLASS = YES_ERROR;
				CLANG_WARN_UNREACHABLE_CODE = YES;
				CLANG_WARN__DUPLICATE_METHOD_MATCH = YES;
				"CODE_SIGN_IDENTITY[sdk=iphoneos*]" = "iPhone Developer";
				COPY_PHASE_STRIP = NO;
				DEBUG_INFORMATION_FORMAT = dwarf;
				ENABLE_STRICT_OBJC_MSGSEND = YES;
				ENABLE_TESTABILITY = YES;
				GCC_C_LANGUAGE_STANDARD = gnu99;
				GCC_DYNAMIC_NO_PIC = NO;
				GCC_NO_COMMON_BLOCKS = YES;
				GCC_OPTIMIZATION_LEVEL = 0;
				GCC_PREPROCESSOR_DEFINITIONS = (
					"DEBUG=1",
					"$(inherited)",
				);
				GCC_WARN_64_TO_32_BIT_CONVERSION = YES;
				GCC_WARN_ABOUT_RETURN_TYPE = YES_ERROR;
				GCC_WARN_UNDECLARED_SELECTOR = YES;
				GCC_WARN_UNINITIALIZED_AUTOS = YES_AGGRESSIVE;
				GCC_WARN_UNUSED_FUNCTION = YES;
				GCC_WARN_UNUSED_VARIABLE = YES;
				IPHONEOS_DEPLOYMENT_TARGET = 9.2;
				MTL_ENABLE_DEBUG_INFO = YES;
				ONLY_ACTIVE_ARCH = YES;
				SDKROOT = iphoneos;
				SWIFT_OPTIMIZATION_LEVEL = "-Onone";
				TARGETED_DEVICE_FAMILY = "1,2";
			};
			name = Debug;
		};
		7EB2DB2D1D26400B00C7E163 /* Release */ = {
			isa = XCBuildConfiguration;
			buildSettings = {
				ALWAYS_SEARCH_USER_PATHS = NO;
				CLANG_CXX_LANGUAGE_STANDARD = "gnu++0x";
				CLANG_CXX_LIBRARY = "libc++";
				CLANG_ENABLE_MODULES = YES;
				CLANG_ENABLE_OBJC_ARC = YES;
				CLANG_WARN_BOOL_CONVERSION = YES;
				CLANG_WARN_CONSTANT_CONVERSION = YES;
				CLANG_WARN_DIRECT_OBJC_ISA_USAGE = YES_ERROR;
				CLANG_WARN_EMPTY_BODY = YES;
				CLANG_WARN_ENUM_CONVERSION = YES;
				CLANG_WARN_INT_CONVERSION = YES;
				CLANG_WARN_OBJC_ROOT_CLASS = YES_ERROR;
				CLANG_WARN_UNREACHABLE_CODE = YES;
				CLANG_WARN__DUPLICATE_METHOD_MATCH = YES;
				"CODE_SIGN_IDENTITY[sdk=iphoneos*]" = "iPhone Developer";
				COPY_PHASE_STRIP = NO;
				DEBUG_INFORMATION_FORMAT = "dwarf-with-dsym";
				ENABLE_NS_ASSERTIONS = NO;
				ENABLE_STRICT_OBJC_MSGSEND = YES;
				GCC_C_LANGUAGE_STANDARD = gnu99;
				GCC_NO_COMMON_BLOCKS = YES;
				GCC_WARN_64_TO_32_BIT_CONVERSION = YES;
				GCC_WARN_ABOUT_RETURN_TYPE = YES_ERROR;
				GCC_WARN_UNDECLARED_SELECTOR = YES;
				GCC_WARN_UNINITIALIZED_AUTOS = YES_AGGRESSIVE;
				GCC_WARN_UNUSED_FUNCTION = YES;
				GCC_WARN_UNUSED_VARIABLE = YES;
				IPHONEOS_DEPLOYMENT_TARGET = 9.2;
				MTL_ENABLE_DEBUG_INFO = NO;
				SDKROOT = iphoneos;
				TARGETED_DEVICE_FAMILY = "1,2";
				VALIDATE_PRODUCT = YES;
			};
			name = Release;
		};
		7EB2DB2F1D26400B00C7E163 /* Debug */ = {
			isa = XCBuildConfiguration;
			baseConfigurationReference = EFAFE5E8E2EBBC6C8CED2450 /* Pods-PlayChat.debug.xcconfig */;
			buildSettings = {
				ASSETCATALOG_COMPILER_APPICON_NAME = AppIcon;
				CLANG_ENABLE_MODULES = YES;
				INFOPLIST_FILE = PlayChat/Info.plist;
				LD_RUNPATH_SEARCH_PATHS = "$(inherited) @executable_path/Frameworks";
				PRODUCT_BUNDLE_IDENTIFIER = com.google.cloud.solutions.flexenv.PlayChat;
				PRODUCT_NAME = "$(TARGET_NAME)";
				SWIFT_OBJC_BRIDGING_HEADER = "PlayChat/PlayChat-Bridging-Header.h";
				SWIFT_OPTIMIZATION_LEVEL = "-Onone";
			};
			name = Debug;
		};
		7EB2DB301D26400B00C7E163 /* Release */ = {
			isa = XCBuildConfiguration;
			baseConfigurationReference = FF55650C35E52C94768E02B4 /* Pods-PlayChat.release.xcconfig */;
			buildSettings = {
				ASSETCATALOG_COMPILER_APPICON_NAME = AppIcon;
				CLANG_ENABLE_MODULES = YES;
				INFOPLIST_FILE = PlayChat/Info.plist;
				LD_RUNPATH_SEARCH_PATHS = "$(inherited) @executable_path/Frameworks";
				PRODUCT_BUNDLE_IDENTIFIER = com.google.cloud.solutions.flexenv.PlayChat;
				PRODUCT_NAME = "$(TARGET_NAME)";
				SWIFT_OBJC_BRIDGING_HEADER = "PlayChat/PlayChat-Bridging-Header.h";
			};
			name = Release;
		};
		7EB2DB321D26400B00C7E163 /* Debug */ = {
			isa = XCBuildConfiguration;
			baseConfigurationReference = D0E45ABDE5C9C22290489B05 /* Pods-PlayChatUITests.debug.xcconfig */;
			buildSettings = {
				INFOPLIST_FILE = PlayChatUITests/Info.plist;
				LD_RUNPATH_SEARCH_PATHS = "$(inherited) @executable_path/Frameworks @loader_path/Frameworks";
				PRODUCT_BUNDLE_IDENTIFIER = com.google.cloud.solutions.flexenv.PlayChatUITests;
				PRODUCT_NAME = "$(TARGET_NAME)";
				TEST_TARGET_NAME = PlayChat;
				USES_XCTRUNNER = YES;
			};
			name = Debug;
		};
		7EB2DB331D26400B00C7E163 /* Release */ = {
			isa = XCBuildConfiguration;
			baseConfigurationReference = 94785E63D96203BCF0E19002 /* Pods-PlayChatUITests.release.xcconfig */;
			buildSettings = {
				INFOPLIST_FILE = PlayChatUITests/Info.plist;
				LD_RUNPATH_SEARCH_PATHS = "$(inherited) @executable_path/Frameworks @loader_path/Frameworks";
				PRODUCT_BUNDLE_IDENTIFIER = com.google.cloud.solutions.flexenv.PlayChatUITests;
				PRODUCT_NAME = "$(TARGET_NAME)";
				TEST_TARGET_NAME = PlayChat;
				USES_XCTRUNNER = YES;
			};
			name = Release;
		};
/* End XCBuildConfiguration section */

/* Begin XCConfigurationList section */
		7EB2DB0A1D26400B00C7E163 /* Build configuration list for PBXProject "PlayChat" */ = {
			isa = XCConfigurationList;
			buildConfigurations = (
				7EB2DB2C1D26400B00C7E163 /* Debug */,
				7EB2DB2D1D26400B00C7E163 /* Release */,
			);
			defaultConfigurationIsVisible = 0;
			defaultConfigurationName = Release;
		};
		7EB2DB2E1D26400B00C7E163 /* Build configuration list for PBXNativeTarget "PlayChat" */ = {
			isa = XCConfigurationList;
			buildConfigurations = (
				7EB2DB2F1D26400B00C7E163 /* Debug */,
				7EB2DB301D26400B00C7E163 /* Release */,
			);
			defaultConfigurationIsVisible = 0;
			defaultConfigurationName = Release;
		};
		7EB2DB311D26400B00C7E163 /* Build configuration list for PBXNativeTarget "PlayChatUITests" */ = {
			isa = XCConfigurationList;
			buildConfigurations = (
				7EB2DB321D26400B00C7E163 /* Debug */,
				7EB2DB331D26400B00C7E163 /* Release */,
			);
			defaultConfigurationIsVisible = 0;
			defaultConfigurationName = Release;
		};
/* End XCConfigurationList section */
	};
	rootObject = 7EB2DB071D26400B00C7E163 /* Project object */;
}
